
Microsoft Visual Studio Solution File, Format Version 12.00
# Visual Studio 14
VisualStudioVersion = 14.0.25420.1
MinimumVisualStudioVersion = 10.0.40219.1
Project("{8BC9CEB8-8B4A-11D0-8D11-00A0C91BC942}") = "CrossModules_test_dll", "CrossModules_test_dll\CrossModules_test_dll.vcxproj", "{B7424275-6F56-4838-8C70-6A33CFD06342}"
EndProject
Project("{8BC9CEB8-8B4A-11D0-8D11-00A0C91BC942}") = "CrossModules_test_mfc", "CrossModules_test_mfc\CrossModules_test_mfc.vcxproj", "{EE4D253E-42EB-426E-81B2-AD3DCBE7FE5B}"
	ProjectSection(ProjectDependencies) = postProject
		{B7424275-6F56-4838-8C70-6A33CFD06342} = {B7424275-6F56-4838-8C70-6A33CFD06342}
	EndProjectSection
EndProject
Global
	GlobalSection(SolutionConfigurationPlatforms) = preSolution
		Debug|x64 = Debug|x64
		Debug|x86 = Debug|x86
		Release|x64 = Release|x64
		Release|x86 = Release|x86
	EndGlobalSection
	GlobalSection(ProjectConfigurationPlatforms) = postSolution
		{B7424275-6F56-4838-8C70-6A33CFD06342}.Debug|x64.ActiveCfg = Debug|x64
		{B7424275-6F56-4838-8C70-6A33CFD06342}.Debug|x64.Build.0 = Debug|x64
		{B7424275-6F56-4838-8C70-6A33CFD06342}.Debug|x86.ActiveCfg = Debug|Win32
		{B7424275-6F56-4838-8C70-6A33CFD06342}.Debug|x86.Build.0 = Debug|Win32
		{B7424275-6F56-4838-8C70-6A33CFD06342}.Release|x64.ActiveCfg = Release|x64
		{B7424275-6F56-4838-8C70-6A33CFD06342}.Release|x64.Build.0 = Release|x64
		{B7424275-6F56-4838-8C70-6A33CFD06342}.Release|x86.ActiveCfg = Release|Win32
		{B7424275-6F56-4838-8C70-6A33CFD06342}.Release|x86.Build.0 = Release|Win32
		{EE4D253E-42EB-426E-81B2-AD3DCBE7FE5B}.Debug|x64.ActiveCfg = Debug|x64
		{EE4D253E-42EB-426E-81B2-AD3DCBE7FE5B}.Debug|x64.Build.0 = Debug|x64
		{EE4D253E-42EB-426E-81B2-AD3DCBE7FE5B}.Debug|x86.ActiveCfg = Debug|Win32
		{EE4D253E-42EB-426E-81B2-AD3DCBE7FE5B}.Debug|x86.Build.0 = Debug|Win32
		{EE4D253E-42EB-426E-81B2-AD3DCBE7FE5B}.Release|x64.ActiveCfg = Release|x64
		{EE4D253E-42EB-426E-81B2-AD3DCBE7FE5B}.Release|x64.Build.0 = Release|x64
		{EE4D253E-42EB-426E-81B2-AD3DCBE7FE5B}.Release|x86.ActiveCfg = Release|Win32
		{EE4D253E-42EB-426E-81B2-AD3DCBE7FE5B}.Release|x86.Build.0 = Release|Win32
	EndGlobalSection
	GlobalSection(SolutionProperties) = preSolution
		HideSolutionNode = FALSE
	EndGlobalSection
EndGlobal
